
Microsoft Visual Studio Solution File, Format Version 12.00
# Visual Studio 15
VisualStudioVersion = 15.0.28307.421
MinimumVisualStudioVersion = 10.0.40219.1
Project("{9A19103F-16F7-4668-BE54-9A1E7A4F7556}") = "Sample", "Sample\Sample.csproj", "{EB903F13-D271-4A89-9671-48CD59D92283}"
EndProject
Global
	GlobalSection(SolutionConfigurationPlatforms) = preSolution
		Debug|Any CPU = Debug|Any CPU
		Release|Any CPU = Release|Any CPU
	EndGlobalSection
	GlobalSection(ProjectConfigurationPlatforms) = postSolution
		{EB903F13-D271-4A89-9671-48CD59D92283}.Debug|Any CPU.ActiveCfg = Debug|Any CPU
		{EB903F13-D271-4A89-9671-48CD59D92283}.Debug|Any CPU.Build.0 = Debug|Any CPU
		{EB903F13-D271-4A89-9671-48CD59D92283}.Release|Any CPU.ActiveCfg = Release|Any CPU
		{EB903F13-D271-4A89-9671-48CD59D92283}.Release|Any CPU.Build.0 = Release|Any CPU
	EndGlobalSection
	GlobalSection(SolutionProperties) = preSolution
		HideSolutionNode = FALSE
	EndGlobalSection
	GlobalSection(ExtensibilityGlobals) = postSolution
		SolutionGuid = {328BFCC0-B2C8-4162-952E-756D880EE33C}
	EndGlobalSection
EndGlobal
