
Microsoft Visual Studio Solution File, Format Version 12.00
# Visual Studio Version 16
VisualStudioVersion = 16.0.28729.10
MinimumVisualStudioVersion = 10.0.40219.1
Project("{9A19103F-16F7-4668-BE54-9A1E7A4F7556}") = "AuthSample.BL", "AuthSample.BL\AuthSample.BL.csproj", "{D0E81E79-F227-494E-8F0F-AB92E00BEF2A}"
EndProject
Project("{9A19103F-16F7-4668-BE54-9A1E7A4F7556}") = "AuthSample.DAL", "AuthSample.DAL\AuthSample.DAL.csproj", "{BD712242-3962-46CE-86B2-E9823DEEC6F5}"
EndProject
Project("{9A19103F-16F7-4668-BE54-9A1E7A4F7556}") = "AuthSample.Api", "AuthSample.Api\AuthSample.Api.csproj", "{D5E41F00-39EA-411B-BFEA-64AC03B03817}"
EndProject
Global
	GlobalSection(SolutionConfigurationPlatforms) = preSolution
		Debug|Any CPU = Debug|Any CPU
		Release|Any CPU = Release|Any CPU
	EndGlobalSection
	GlobalSection(ProjectConfigurationPlatforms) = postSolution
		{D0E81E79-F227-494E-8F0F-AB92E00BEF2A}.Debug|Any CPU.ActiveCfg = Debug|Any CPU
		{D0E81E79-F227-494E-8F0F-AB92E00BEF2A}.Debug|Any CPU.Build.0 = Debug|Any CPU
		{D0E81E79-F227-494E-8F0F-AB92E00BEF2A}.Release|Any CPU.ActiveCfg = Release|Any CPU
		{D0E81E79-F227-494E-8F0F-AB92E00BEF2A}.Release|Any CPU.Build.0 = Release|Any CPU
		{BD712242-3962-46CE-86B2-E9823DEEC6F5}.Debug|Any CPU.ActiveCfg = Debug|Any CPU
		{BD712242-3962-46CE-86B2-E9823DEEC6F5}.Debug|Any CPU.Build.0 = Debug|Any CPU
		{BD712242-3962-46CE-86B2-E9823DEEC6F5}.Release|Any CPU.ActiveCfg = Release|Any CPU
		{BD712242-3962-46CE-86B2-E9823DEEC6F5}.Release|Any CPU.Build.0 = Release|Any CPU
		{D5E41F00-39EA-411B-BFEA-64AC03B03817}.Debug|Any CPU.ActiveCfg = Debug|Any CPU
		{D5E41F00-39EA-411B-BFEA-64AC03B03817}.Debug|Any CPU.Build.0 = Debug|Any CPU
		{D5E41F00-39EA-411B-BFEA-64AC03B03817}.Release|Any CPU.ActiveCfg = Release|Any CPU
		{D5E41F00-39EA-411B-BFEA-64AC03B03817}.Release|Any CPU.Build.0 = Release|Any CPU
	EndGlobalSection
	GlobalSection(SolutionProperties) = preSolution
		HideSolutionNode = FALSE
	EndGlobalSection
	GlobalSection(ExtensibilityGlobals) = postSolution
		SolutionGuid = {D92D6B0A-0C18-40BB-BFB2-CE9E1F139AAC}
	EndGlobalSection
EndGlobal
